
Microsoft Visual Studio Solution File, Format Version 12.00
# Visual Studio Version 17
VisualStudioVersion = 17.14.36121.58
MinimumVisualStudioVersion = 10.0.40219.1
Project("{FAE04EC0-301F-11D3-BF4B-00C04F79EFBC}") = "WordMasterApp", "WordMasterApp\WordMasterApp.csproj", "{E73D6924-32DB-4450-86D8-2BA270BB6C1D}"
EndProject
Project("{FAE04EC0-301F-11D3-BF4B-00C04F79EFBC}") = "WordMaster.AIClientProvider", "WordMaster.AIClientProvider\WordMaster.AIClientProvider.csproj", "{44C317D0-9431-279A-6223-A8B2F0F03F0B}"
EndProject
Project("{FAE04EC0-301F-11D3-BF4B-00C04F79EFBC}") = "WordMaster.Data", "WordMaster.Data\WordMaster.Data.csproj", "{120BF110-1D69-4852-A0EC-1B21EDCADCA9}"
EndProject
Project("{FAE04EC0-301F-11D3-BF4B-00C04F79EFBC}") = "WordMaster.Generation", "WordMaster.Generation\WordMaster.Generation.csproj", "{AF685233-781C-4846-B033-8CC864C0F659}"
EndProject
Project("{FAE04EC0-301F-11D3-BF4B-00C04F79EFBC}") = "WordMaster.Common", "WordMaster.Common\WordMaster.Common.csproj", "{E275F833-3995-42B9-97B4-8F449C74D256}"
EndProject
Global
	GlobalSection(SolutionConfigurationPlatforms) = preSolution
		Debug|Any CPU = Debug|Any CPU
		Release|Any CPU = Release|Any CPU
	EndGlobalSection
	GlobalSection(ProjectConfigurationPlatforms) = postSolution
		{E73D6924-32DB-4450-86D8-2BA270BB6C1D}.Debug|Any CPU.ActiveCfg = Debug|Any CPU
		{E73D6924-32DB-4450-86D8-2BA270BB6C1D}.Debug|Any CPU.Build.0 = Debug|Any CPU
		{E73D6924-32DB-4450-86D8-2BA270BB6C1D}.Debug|Any CPU.Deploy.0 = Debug|Any CPU
		{E73D6924-32DB-4450-86D8-2BA270BB6C1D}.Release|Any CPU.ActiveCfg = Release|Any CPU
		{E73D6924-32DB-4450-86D8-2BA270BB6C1D}.Release|Any CPU.Build.0 = Release|Any CPU
		{E73D6924-32DB-4450-86D8-2BA270BB6C1D}.Release|Any CPU.Deploy.0 = Release|Any CPU
		{44C317D0-9431-279A-6223-A8B2F0F03F0B}.Debug|Any CPU.ActiveCfg = Debug|Any CPU
		{44C317D0-9431-279A-6223-A8B2F0F03F0B}.Debug|Any CPU.Build.0 = Debug|Any CPU
		{44C317D0-9431-279A-6223-A8B2F0F03F0B}.Release|Any CPU.ActiveCfg = Release|Any CPU
		{44C317D0-9431-279A-6223-A8B2F0F03F0B}.Release|Any CPU.Build.0 = Release|Any CPU
		{120BF110-1D69-4852-A0EC-1B21EDCADCA9}.Debug|Any CPU.ActiveCfg = Debug|Any CPU
		{120BF110-1D69-4852-A0EC-1B21EDCADCA9}.Debug|Any CPU.Build.0 = Debug|Any CPU
		{120BF110-1D69-4852-A0EC-1B21EDCADCA9}.Release|Any CPU.ActiveCfg = Release|Any CPU
		{120BF110-1D69-4852-A0EC-1B21EDCADCA9}.Release|Any CPU.Build.0 = Release|Any CPU
		{AF685233-781C-4846-B033-8CC864C0F659}.Debug|Any CPU.ActiveCfg = Debug|Any CPU
		{AF685233-781C-4846-B033-8CC864C0F659}.Debug|Any CPU.Build.0 = Debug|Any CPU
		{AF685233-781C-4846-B033-8CC864C0F659}.Release|Any CPU.ActiveCfg = Release|Any CPU
		{AF685233-781C-4846-B033-8CC864C0F659}.Release|Any CPU.Build.0 = Release|Any CPU
		{E275F833-3995-42B9-97B4-8F449C74D256}.Debug|Any CPU.ActiveCfg = Debug|Any CPU
		{E275F833-3995-42B9-97B4-8F449C74D256}.Debug|Any CPU.Build.0 = Debug|Any CPU
		{E275F833-3995-42B9-97B4-8F449C74D256}.Release|Any CPU.ActiveCfg = Release|Any CPU
		{E275F833-3995-42B9-97B4-8F449C74D256}.Release|Any CPU.Build.0 = Release|Any CPU
	EndGlobalSection
	GlobalSection(SolutionProperties) = preSolution
		HideSolutionNode = FALSE
	EndGlobalSection
	GlobalSection(ExtensibilityGlobals) = postSolution
		SolutionGuid = {DEF404F7-E002-43F4-A90E-750CF8F64EA3}
	EndGlobalSection
EndGlobal
